
Microsoft Visual Studio Solution File, Format Version 12.00
# Visual Studio Version 17
VisualStudioVersion = 17.1.32328.378
MinimumVisualStudioVersion = 10.0.40219.1
Project("{FAE04EC0-301F-11D3-BF4B-00C04F79EFBC}") = "WebApplication7", "WebApplication7\WebApplication7.csproj", "{B913C714-4506-4D6C-8D9E-EF3BE7DE3CBE}"
EndProject
Project("{E53339B2-1760-4266-BCC7-CA923CBCF16C}") = "docker-compose", "docker-compose.dcproj", "{03C7C51F-DF36-4EB0-829A-4D02ECED662C}"
EndProject
Global
	GlobalSection(SolutionConfigurationPlatforms) = preSolution
		Debug|Any CPU = Debug|Any CPU
		Release|Any CPU = Release|Any CPU
	EndGlobalSection
	GlobalSection(ProjectConfigurationPlatforms) = postSolution
		{B913C714-4506-4D6C-8D9E-EF3BE7DE3CBE}.Debug|Any CPU.ActiveCfg = Debug|Any CPU
		{B913C714-4506-4D6C-8D9E-EF3BE7DE3CBE}.Debug|Any CPU.Build.0 = Debug|Any CPU
		{B913C714-4506-4D6C-8D9E-EF3BE7DE3CBE}.Release|Any CPU.ActiveCfg = Release|Any CPU
		{B913C714-4506-4D6C-8D9E-EF3BE7DE3CBE}.Release|Any CPU.Build.0 = Release|Any CPU
		{03C7C51F-DF36-4EB0-829A-4D02ECED662C}.Debug|Any CPU.ActiveCfg = Debug|Any CPU
		{03C7C51F-DF36-4EB0-829A-4D02ECED662C}.Debug|Any CPU.Build.0 = Debug|Any CPU
		{03C7C51F-DF36-4EB0-829A-4D02ECED662C}.Release|Any CPU.ActiveCfg = Release|Any CPU
		{03C7C51F-DF36-4EB0-829A-4D02ECED662C}.Release|Any CPU.Build.0 = Release|Any CPU
	EndGlobalSection
	GlobalSection(SolutionProperties) = preSolution
		HideSolutionNode = FALSE
	EndGlobalSection
	GlobalSection(ExtensibilityGlobals) = postSolution
		SolutionGuid = {D905B75A-2059-455B-8C29-5606731978D4}
	EndGlobalSection
EndGlobal
