
Microsoft Visual Studio Solution File, Format Version 12.00
# Visual Studio Version 17
VisualStudioVersion = 17.2.32616.157
MinimumVisualStudioVersion = 10.0.40219.1
Project("{FAE04EC0-301F-11D3-BF4B-00C04F79EFBC}") = "DB_Client", "DB_Client\DB_Client.csproj", "{F14D00BE-7C8A-4115-818A-8D32D7F4F10A}"
EndProject
Global
	GlobalSection(SolutionConfigurationPlatforms) = preSolution
		Debug|Any CPU = Debug|Any CPU
		Release|Any CPU = Release|Any CPU
	EndGlobalSection
	GlobalSection(ProjectConfigurationPlatforms) = postSolution
		{F14D00BE-7C8A-4115-818A-8D32D7F4F10A}.Debug|Any CPU.ActiveCfg = Debug|Any CPU
		{F14D00BE-7C8A-4115-818A-8D32D7F4F10A}.Debug|Any CPU.Build.0 = Debug|Any CPU
		{F14D00BE-7C8A-4115-818A-8D32D7F4F10A}.Release|Any CPU.ActiveCfg = Release|Any CPU
		{F14D00BE-7C8A-4115-818A-8D32D7F4F10A}.Release|Any CPU.Build.0 = Release|Any CPU
	EndGlobalSection
	GlobalSection(SolutionProperties) = preSolution
		HideSolutionNode = FALSE
	EndGlobalSection
	GlobalSection(ExtensibilityGlobals) = postSolution
		SolutionGuid = {829C91BA-DF3B-43E3-94D1-566DACA3B5B3}
	EndGlobalSection
EndGlobal
